
Microsoft Visual Studio Solution File, Format Version 12.00
# Visual Studio Version 16
VisualStudioVersion = 16.0.30611.23
MinimumVisualStudioVersion = 10.0.40219.1
Project("{FAE04EC0-301F-11D3-BF4B-00C04F79EFBC}") = "RequestExtensions", "RequestExtensions\RequestExtensions.csproj", "{B8D4CD15-3C05-472B-876C-08D83465FD5A}"
EndProject
Global
	GlobalSection(SolutionConfigurationPlatforms) = preSolution
		Debug|Any CPU = Debug|Any CPU
		Release|Any CPU = Release|Any CPU
	EndGlobalSection
	GlobalSection(ProjectConfigurationPlatforms) = postSolution
		{B8D4CD15-3C05-472B-876C-08D83465FD5A}.Debug|Any CPU.ActiveCfg = Debug|Any CPU
		{B8D4CD15-3C05-472B-876C-08D83465FD5A}.Debug|Any CPU.Build.0 = Debug|Any CPU
		{B8D4CD15-3C05-472B-876C-08D83465FD5A}.Release|Any CPU.ActiveCfg = Release|Any CPU
		{B8D4CD15-3C05-472B-876C-08D83465FD5A}.Release|Any CPU.Build.0 = Release|Any CPU
	EndGlobalSection
	GlobalSection(SolutionProperties) = preSolution
		HideSolutionNode = FALSE
	EndGlobalSection
	GlobalSection(ExtensibilityGlobals) = postSolution
		SolutionGuid = {7A073030-2C5F-403C-9C3C-71AE96168D2B}
	EndGlobalSection
EndGlobal
